
Microsoft Visual Studio Solution File, Format Version 12.00
# Visual Studio 15
VisualStudioVersion = 15.0.28307.329
MinimumVisualStudioVersion = 10.0.40219.1
Project("{8BC9CEB8-8B4A-11D0-8D11-00A0C91BC942}") = "OS1v2", "OS1v2\OS1v2.vcxproj", "{AFD42755-2CC7-4705-A200-A58554EFBD20}"
EndProject
Global
	GlobalSection(SolutionConfigurationPlatforms) = preSolution
		Debug|x64 = Debug|x64
		Debug|x86 = Debug|x86
		Release|x64 = Release|x64
		Release|x86 = Release|x86
	EndGlobalSection
	GlobalSection(ProjectConfigurationPlatforms) = postSolution
		{AFD42755-2CC7-4705-A200-A58554EFBD20}.Debug|x64.ActiveCfg = Debug|x64
		{AFD42755-2CC7-4705-A200-A58554EFBD20}.Debug|x64.Build.0 = Debug|x64
		{AFD42755-2CC7-4705-A200-A58554EFBD20}.Debug|x86.ActiveCfg = Debug|Win32
		{AFD42755-2CC7-4705-A200-A58554EFBD20}.Debug|x86.Build.0 = Debug|Win32
		{AFD42755-2CC7-4705-A200-A58554EFBD20}.Release|x64.ActiveCfg = Release|x64
		{AFD42755-2CC7-4705-A200-A58554EFBD20}.Release|x64.Build.0 = Release|x64
		{AFD42755-2CC7-4705-A200-A58554EFBD20}.Release|x86.ActiveCfg = Release|Win32
		{AFD42755-2CC7-4705-A200-A58554EFBD20}.Release|x86.Build.0 = Release|Win32
	EndGlobalSection
	GlobalSection(SolutionProperties) = preSolution
		HideSolutionNode = FALSE
	EndGlobalSection
	GlobalSection(ExtensibilityGlobals) = postSolution
		SolutionGuid = {44490E82-B697-48D2-9C24-D7925DB281D6}
	EndGlobalSection
EndGlobal
